
Microsoft Visual Studio Solution File, Format Version 12.00
# Visual Studio Version 16
VisualStudioVersion = 16.0.29519.181
MinimumVisualStudioVersion = 10.0.40219.1
Project("{FAE04EC0-301F-11D3-BF4B-00C04F79EFBC}") = "CPSC499", "CPSC499\CPSC499.csproj", "{AFC0A7EC-47EF-4BBB-B360-8497E4BCF2F7}"
EndProject
Global
	GlobalSection(SolutionConfigurationPlatforms) = preSolution
		Debug|Any CPU = Debug|Any CPU
		Release|Any CPU = Release|Any CPU
	EndGlobalSection
	GlobalSection(ProjectConfigurationPlatforms) = postSolution
		{AFC0A7EC-47EF-4BBB-B360-8497E4BCF2F7}.Debug|Any CPU.ActiveCfg = Debug|Any CPU
		{AFC0A7EC-47EF-4BBB-B360-8497E4BCF2F7}.Debug|Any CPU.Build.0 = Debug|Any CPU
		{AFC0A7EC-47EF-4BBB-B360-8497E4BCF2F7}.Debug|Any CPU.Deploy.0 = Debug|Any CPU
		{AFC0A7EC-47EF-4BBB-B360-8497E4BCF2F7}.Release|Any CPU.ActiveCfg = Release|Any CPU
		{AFC0A7EC-47EF-4BBB-B360-8497E4BCF2F7}.Release|Any CPU.Build.0 = Release|Any CPU
		{AFC0A7EC-47EF-4BBB-B360-8497E4BCF2F7}.Release|Any CPU.Deploy.0 = Release|Any CPU
	EndGlobalSection
	GlobalSection(SolutionProperties) = preSolution
		HideSolutionNode = FALSE
	EndGlobalSection
	GlobalSection(ExtensibilityGlobals) = postSolution
		SolutionGuid = {9BD524E0-7AE7-4FF8-964F-5A2C523CCD2C}
	EndGlobalSection
EndGlobal
